{
  "name": "tree-sitter-ylang",
  "version": "0.1.0",
  "lockfileVersion": 3,
  "requires": true,
  "packages": {
    "": {
      "name": "tree-sitter-ylang",
      "version": "0.1.0",
      "license": "MIT",
      "devDependencies": {
        "tree-sitter-cli": "^0.27.0"
      }
    },
    "node_modules/tree-sitter-cli": {
      "version": "0.27.1",
      "resolved": "https://registry.npmjs.org/tree-sitter-cli/-/tree-sitter-cli-0.27.1.tgz",
      "integrity": "sha512-WFPEjxwscCjZP9uYj0rxT2TyGBkDcXUkGTthrMpxZFGvzXEYsbC3J0633Ps8dd2mMsdsbU8oVwmQ148lLHI7Xw==",
      "dev": true,
      "hasInstallScript": true,
      "license": "MIT",
      "bin": {
        "tree-sitter": "cli.js"
      },
      "engines": {
        "node": ">=12.0.0"
      }
    }
  }
}
